lockfileVersion: '9.0'

settings:
  autoInstallPeers: true
  excludeLinksFromLockfile: false

importers:

  .:
    dependencies:
      '@ai-sdk/google':
        specifier: ^3.0.82
        version: 3.0.82(zod@4.4.3)
      '@ai-sdk/mistral':
        specifier: ^3.0.39
        version: 3.0.39(zod@4.4.3)

packages:

  '@ai-sdk/google@3.0.82':
    resolution: {integrity: sha512-md+M92ZJuPIMU2p4v1rGLpJJWTmTh/vpJPkMnQbEdcLaPTZxRaroIKSnmL/9UGJV0BORJlHNDJegkcnhVpTmDA==}
    engines: {node: '>=18'}
    peerDependencies:
      zod: ^3.25.76 || ^4.1.8

  '@ai-sdk/mistral@3.0.39':
    resolution: {integrity: sha512-drPs9K3a7A8LKvISzbXDoKlRD00CqeacKSSrjFDswCfCr1xS/4/GYUyJDt7UKykHW//iiiElSFWoea95yRQchg==}
    engines: {node: '>=18'}
    peerDependencies:
      zod: ^3.25.76 || ^4.1.8

  '@ai-sdk/provider-utils@4.0.29':
    resolution: {integrity: sha512-uhukHaCBvqkwBHkT8C2PrnqKTCoLn3pdHXqtcR9I8ErH+flbzgW4o7VHSNIup9LRu+WBvZIZDQLsx6rwl2tiOA==}
    engines: {node: '>=18'}
    peerDependencies:
      zod: ^3.25.76 || ^4.1.8

  '@ai-sdk/provider@3.0.10':
    resolution: {integrity: sha512-Q3BZ27qfpYqnCYGvE3vt+Qi6LGOF9R5Nmzn+9JoM1lCRsD9mYaIhfJLkSunN48nfGXJ6n+XNV0J/XVpqGQl7Dw==}
    engines: {node: '>=18'}

  '@standard-schema/spec@1.1.0':
    resolution: {integrity: sha512-l2aFy5jALhniG5HgqrD6jXLi/rUWrKvqN/qJx6yoJsgKhblVd+iqqU4RCXavm/jPityDo5TCvKMnpjKnOriy0w==}

  eventsource-parser@3.1.0:
    resolution: {integrity: sha512-kJezFj9YFAMLeORyi7aCLxLbD5/qWMQnoMVlVPyHIll7lgRJCc3JVln9Vgl9nwQi0YkMnhdGTMNn7CkRRAptMg==}
    engines: {node: '>=18.0.0'}

  json-schema@0.4.0:
    resolution: {integrity: sha512-es94M3nTIfsEPisRafak+HDLfHXnKBhV3vU5eqPcS3flIWqcxJWgXHXiey3YrpaNsanY5ei1VoYEbOzijuq9BA==}

  zod@4.4.3:
    resolution: {integrity: sha512-ytENFjIJFl2UwYglde2jchW2Hwm4GJFLDiSXWdTrJQBIN9Fcyp7n4DhxJEiWNAJMV1/BqWfW/kkg71UDcHJyTQ==}

snapshots:

  '@ai-sdk/google@3.0.82(zod@4.4.3)':
    dependencies:
      '@ai-sdk/provider': 3.0.10
      '@ai-sdk/provider-utils': 4.0.29(zod@4.4.3)
      zod: 4.4.3

  '@ai-sdk/mistral@3.0.39(zod@4.4.3)':
    dependencies:
      '@ai-sdk/provider': 3.0.10
      '@ai-sdk/provider-utils': 4.0.29(zod@4.4.3)
      zod: 4.4.3

  '@ai-sdk/provider-utils@4.0.29(zod@4.4.3)':
    dependencies:
      '@ai-sdk/provider': 3.0.10
      '@standard-schema/spec': 1.1.0
      eventsource-parser: 3.1.0
      zod: 4.4.3

  '@ai-sdk/provider@3.0.10':
    dependencies:
      json-schema: 0.4.0

  '@standard-schema/spec@1.1.0': {}

  eventsource-parser@3.1.0: {}

  json-schema@0.4.0: {}

  zod@4.4.3: {}
